
Microsoft Visual Studio Solution File, Format Version 12.00
# Visual Studio 15
Project("{FAE04EC0-301F-11D3-BF4B-00C04F79EFBC}") = "islaam-db-client", "islaam-db-client\islaam-db-client.csproj", "{AE858994-E823-4072-B033-E1B8A4D2D27D}"
EndProject
Global
	GlobalSection(SolutionConfigurationPlatforms) = preSolution
		Debug|Any CPU = Debug|Any CPU
		Release|Any CPU = Release|Any CPU
	EndGlobalSection
	GlobalSection(ProjectConfigurationPlatforms) = postSolution
		{AE858994-E823-4072-B033-E1B8A4D2D27D}.Debug|Any CPU.ActiveCfg = Debug|Any CPU
		{AE858994-E823-4072-B033-E1B8A4D2D27D}.Debug|Any CPU.Build.0 = Debug|Any CPU
		{AE858994-E823-4072-B033-E1B8A4D2D27D}.Release|Any CPU.ActiveCfg = Release|Any CPU
		{AE858994-E823-4072-B033-E1B8A4D2D27D}.Release|Any CPU.Build.0 = Release|Any CPU
	EndGlobalSection
EndGlobal
